// !$*UTF8*$!
{
	archiveVersion = 1;
	classes = {
	};
	objectVersion = 46;
	objects = {

/* Begin PBXBuildFile section */
		C07B86CC17D5F67C00AB5740 /* UIKit.framework in Frameworks */ = {isa = PBXBuildFile; fileRef = C07B86CB17D5F67C00AB5740 /* UIKit.framework */; };
		C07B86CE17D5F67C00AB5740 /* Foundation.framework in Frameworks */ = {isa = PBXBuildFile; fileRef = C07B86CD17D5F67C00AB5740 /* Foundation.framework */; };
		C07B86D017D5F67C00AB5740 /* CoreGraphics.framework in Frameworks */ = {isa = PBXBuildFile; fileRef = C07B86CF17D5F67C00AB5740 /* CoreGraphics.framework */; };
		C07B86D617D5F67C00AB5740 /* InfoPlist.strings in Resources */ = {isa = PBXBuildFile; fileRef = C07B86D417D5F67C00AB5740 /* InfoPlist.strings */; };
		C07B86D817D5F67C00AB5740 /* main.m in Sources */ = {isa = PBXBuildFile; fileRef = C07B86D717D5F67C00AB5740 /* main.m */; };
		C07B86DC17D5F67C00AB5740 /* AppDelegate.m in Sources */ = {isa = PBXBuildFile; fileRef = C07B86DB17D5F67C00AB5740 /* AppDelegate.m */; };
		C07B86DE17D5F67C00AB5740 /* Default.png in Resources */ = {isa = PBXBuildFile; fileRef = C07B86DD17D5F67C00AB5740 /* Default.png */; };
		C07B86E017D5F67C00AB5740 /* Default@2x.png in Resources */ = {isa = PBXBuildFile; fileRef = C07B86DF17D5F67C00AB5740 /* Default@2x.png */; };
		C07B86E217D5F67C00AB5740 /* Default-568h@2x.png in Resources */ = {isa = PBXBuildFile; fileRef = C07B86E117D5F67C00AB5740 /* Default-568h@2x.png */; };
		C07B86E517D5F67C00AB5740 /* ViewController.m in Sources */ = {isa = PBXBuildFile; fileRef = C07B86E417D5F67C00AB5740 /* ViewController.m */; };
		C07B86E817D5F67C00AB5740 /* ViewController.xib in Resources */ = {isa = PBXBuildFile; fileRef = C07B86E617D5F67C00AB5740 /* ViewController.xib */; };
/* End PBXBuildFile section */

/* Begin PBXFileReference section */
		C07B86C817D5F67C00AB5740 /* DropDownCell.app */ = {isa = PBXFileReference; explicitFileType = wrapper.application; includeInIndex = 0; path = DropDownCell.app; sourceTree = BUILT_PRODUCTS_DIR; };
		C07B86CB17D5F67C00AB5740 /* UIKit.framework */ = {isa = PBXFileReference; lastKnownFileType = wrapper.framework; name = UIKit.framework; path = System/Library/Frameworks/UIKit.framework; sourceTree = SDKROOT; };
		C07B86CD17D5F67C00AB5740 /* Foundation.framework */ = {isa = PBXFileReference; lastKnownFileType = wrapper.framework; name = Foundation.framework; path = System/Library/Frameworks/Foundation.framework; sourceTree = SDKROOT; };
		C07B86CF17D5F67C00AB5740 /* CoreGraphics.framework */ = {isa = PBXFileReference; lastKnownFileType = wrapper.framework; name = CoreGraphics.framework; path = System/Library/Frameworks/CoreGraphics.framework; sourceTree = SDKROOT; };
		C07B86D317D5F67C00AB5740 /* DropDownCell-Info.plist */ = {isa = PBXFileReference; lastKnownFileType = text.plist.xml; path = "DropDownCell-Info.plist"; sourceTree = "<group>"; };
		C07B86D517D5F67C00AB5740 /* en */ = {isa = PBXFileReference; lastKnownFileType = text.plist.strings; name = en; path = en.lproj/InfoPlist.strings; sourceTree = "<group>"; };
		C07B86D717D5F67C00AB5740 /* main.m */ = {isa = PBXFileReference; lastKnownFileType = sourcecode.c.objc; path = main.m; sourceTree = "<group>"; };
		C07B86D917D5F67C00AB5740 /* DropDownCell-Prefix.pch */ = {isa = PBXFileReference; lastKnownFileType = sourcecode.c.h; path = "DropDownCell-Prefix.pch"; sourceTree = "<group>"; };
		C07B86DA17D5F67C00AB5740 /* AppDelegate.h */ = {isa = PBXFileReference; lastKnownFileType = sourcecode.c.h; path = AppDelegate.h; sourceTree = "<group>"; };
		C07B86DB17D5F67C00AB5740 /* AppDelegate.m */ = {isa = PBXFileReference; lastKnownFileType = sourcecode.c.objc; path = AppDelegate.m; sourceTree = "<group>"; };
		C07B86DD17D5F67C00AB5740 /* Default.png */ = {isa = PBXFileReference; lastKnownFileType = image.png; path = Default.png; sourceTree = "<group>"; };
		C07B86DF17D5F67C00AB5740 /* Default@2x.png */ = {isa = PBXFileReference; lastKnownFileType = image.png; path = "Default@2x.png"; sourceTree = "<group>"; };
		C07B86E117D5F67C00AB5740 /* Default-568h@2x.png */ = {isa = PBXFileReference; lastKnownFileType = image.png; path = "Default-568h@2x.png"; sourceTree = "<group>"; };
		C07B86E317D5F67C00AB5740 /* ViewController.h */ = {isa = PBXFileReference; lastKnownFileType = sourcecode.c.h; path = ViewController.h; sourceTree = "<group>"; };
		C07B86E417D5F67C00AB5740 /* ViewController.m */ = {isa = PBXFileReference; lastKnownFileType = sourcecode.c.objc; path = ViewController.m; sourceTree = "<group>"; };
		C07B86E717D5F67C00AB5740 /* en */ = {isa = PBXFileReference; lastKnownFileType = file.xib; name = en; path = en.lproj/ViewController.xib; sourceTree = "<group>"; };
/* End PBXFileReference section */

/* Begin PBXFrameworksBuildPhase section */
		C07B86C517D5F67C00AB5740 /* Frameworks */ = {
			isa = PBXFrameworksBuildPhase;
			buildActionMask = 2147483647;
			files = (
				C07B86CC17D5F67C00AB5740 /* UIKit.framework in Frameworks */,
				C07B86CE17D5F67C00AB5740 /* Foundation.framework in Frameworks */,
				C07B86D017D5F67C00AB5740 /* CoreGraphics.framework in Frameworks */,
			);
			runOnlyForDeploymentPostprocessing = 0;
		};
/* End PBXFrameworksBuildPhase section */

/* Begin PBXGroup section */
		C07B86BF17D5F67C00AB5740 = {
			isa = PBXGroup;
			children = (
				C07B86D117D5F67C00AB5740 /* DropDownCell */,
				C07B86CA17D5F67C00AB5740 /* Frameworks */,
				C07B86C917D5F67C00AB5740 /* Products */,
			);
			sourceTree = "<group>";
		};
		C07B86C917D5F67C00AB5740 /* Products */ = {
			isa = PBXGroup;
			children = (
				C07B86C817D5F67C00AB5740 /* DropDownCell.app */,
			);
			name = Products;
			sourceTree = "<group>";
		};
		C07B86CA17D5F67C00AB5740 /* Frameworks */ = {
			isa = PBXGroup;
			children = (
				C07B86CB17D5F67C00AB5740 /* UIKit.framework */,
				C07B86CD17D5F67C00AB5740 /* Foundation.framework */,
				C07B86CF17D5F67C00AB5740 /* CoreGraphics.framework */,
			);
			name = Frameworks;
			sourceTree = "<group>";
		};
		C07B86D117D5F67C00AB5740 /* DropDownCell */ = {
			isa = PBXGroup;
			children = (
				C07B86DA17D5F67C00AB5740 /* AppDelegate.h */,
				C07B86DB17D5F67C00AB5740 /* AppDelegate.m */,
				C07B86E317D5F67C00AB5740 /* ViewController.h */,
				C07B86E417D5F67C00AB5740 /* ViewController.m */,
				C07B86E617D5F67C00AB5740 /* ViewController.xib */,
				C07B86D217D5F67C00AB5740 /* Supporting Files */,
			);
			path = DropDownCell;
			sourceTree = "<group>";
		};
		C07B86D217D5F67C00AB5740 /* Supporting Files */ = {
			isa = PBXGroup;
			children = (
				C07B86D317D5F67C00AB5740 /* DropDownCell-Info.plist */,
				C07B86D417D5F67C00AB5740 /* InfoPlist.strings */,
				C07B86D717D5F67C00AB5740 /* main.m */,
				C07B86D917D5F67C00AB5740 /* DropDownCell-Prefix.pch */,
				C07B86DD17D5F67C00AB5740 /* Default.png */,
				C07B86DF17D5F67C00AB5740 /* Default@2x.png */,
				C07B86E117D5F67C00AB5740 /* Default-568h@2x.png */,
			);
			name = "Supporting Files";
			sourceTree = "<group>";
		};
/* End PBXGroup section */

/* Begin PBXNativeTarget section */
		C07B86C717D5F67C00AB5740 /* DropDownCell */ = {
			isa = PBXNativeTarget;
			buildConfigurationList = C07B86EB17D5F67C00AB5740 /* Build configuration list for PBXNativeTarget "DropDownCell" */;
			buildPhases = (
				C07B86C417D5F67C00AB5740 /* Sources */,
				C07B86C517D5F67C00AB5740 /* Frameworks */,
				C07B86C617D5F67C00AB5740 /* Resources */,
			);
			buildRules = (
			);
			dependencies = (
			);
			name = DropDownCell;
			productName = DropDownCell;
			productReference = C07B86C817D5F67C00AB5740 /* DropDownCell.app */;
			productType = "com.apple.product-type.application";
		};
/* End PBXNativeTarget section */

/* Begin PBXProject section */
		C07B86C017D5F67C00AB5740 /* Project object */ = {
			isa = PBXProject;
			attributes = {
				LastUpgradeCheck = 0460;
				ORGANIZATIONNAME = Dunkey;
			};
			buildConfigurationList = C07B86C317D5F67C00AB5740 /* Build configuration list for PBXProject "DropDownCell" */;
			compatibilityVersion = "Xcode 3.2";
			developmentRegion = English;
			hasScannedForEncodings = 0;
			knownRegions = (
				en,
			);
			mainGroup = C07B86BF17D5F67C00AB5740;
			productRefGroup = C07B86C917D5F67C00AB5740 /* Products */;
			projectDirPath = "";
			projectRoot = "";
			targets = (
				C07B86C717D5F67C00AB5740 /* DropDownCell */,
			);
		};
/* End PBXProject section */

/* Begin PBXResourcesBuildPhase section */
		C07B86C617D5F67C00AB5740 /* Resources */ = {
			isa = PBXResourcesBuildPhase;
			buildActionMask = 2147483647;
			files = (
				C07B86D617D5F67C00AB5740 /* InfoPlist.strings in Resources */,
				C07B86DE17D5F67C00AB5740 /* Default.png in Resources */,
				C07B86E017D5F67C00AB5740 /* Default@2x.png in Resources */,
				C07B86E217D5F67C00AB5740 /* Default-568h@2x.png in Resources */,
				C07B86E817D5F67C00AB5740 /* ViewController.xib in Resources */,
			);
			runOnlyForDeploymentPostprocessing = 0;
		};
/* End PBXResourcesBuildPhase section */

/* Begin PBXSourcesBuildPhase section */
		C07B86C417D5F67C00AB5740 /* Sources */ = {
			isa = PBXSourcesBuildPhase;
			buildActionMask = 2147483647;
			files = (
				C07B86D817D5F67C00AB5740 /* main.m in Sources */,
				C07B86DC17D5F67C00AB5740 /* AppDelegate.m in Sources */,
				C07B86E517D5F67C00AB5740 /* ViewController.m in Sources */,
			);
			runOnlyForDeploymentPostprocessing = 0;
		};
/* End PBXSourcesBuildPhase section */

/* Begin PBXVariantGroup section */
		C07B86D417D5F67C00AB5740 /* InfoPlist.strings */ = {
			isa = PBXVariantGroup;
			children = (
				C07B86D517D5F67C00AB5740 /* en */,
			);
			name = InfoPlist.strings;
			sourceTree = "<group>";
		};
		C07B86E617D5F67C00AB5740 /* ViewController.xib */ = {
			isa = PBXVariantGroup;
			children = (
				C07B86E717D5F67C00AB5740 /* en */,
			);
			name = ViewController.xib;
			sourceTree = "<group>";
		};
/* End PBXVariantGroup section */

/* Begin XCBuildConfiguration section */
		C07B86E917D5F67C00AB5740 /* Debug */ = {
			isa = XCBuildConfiguration;
			buildSettings = {
				ALWAYS_SEARCH_USER_PATHS = NO;
				CLANG_CXX_LANGUAGE_STANDARD = "gnu++0x";
				CLANG_CXX_LIBRARY = "libc++";
				CLANG_ENABLE_OBJC_ARC = YES;
				CLANG_WARN_CONSTANT_CONVERSION = YES;
				CLANG_WARN_EMPTY_BODY = YES;
				CLANG_WARN_ENUM_CONVERSION = YES;
				CLANG_WARN_INT_CONVERSION = YES;
				CLANG_WARN__DUPLICATE_METHOD_MATCH = YES;
				"CODE_SIGN_IDENTITY[sdk=iphoneos*]" = "iPhone Developer";
				COPY_PHASE_STRIP = NO;
				GCC_C_LANGUAGE_STANDARD = gnu99;
				GCC_DYNAMIC_NO_PIC = NO;
				GCC_OPTIMIZATION_LEVEL = 0;
				GCC_PREPROCESSOR_DEFINITIONS = (
					"DEBUG=1",
					"$(inherited)",
				);
				GCC_SYMBOLS_PRIVATE_EXTERN = NO;
				GCC_WARN_ABOUT_RETURN_TYPE = YES;
				GCC_WARN_UNINITIALIZED_AUTOS = YES;
				GCC_WARN_UNUSED_VARIABLE = YES;
				IPHONEOS_DEPLOYMENT_TARGET = 6.1;
				ONLY_ACTIVE_ARCH = YES;
				SDKROOT = iphoneos;
			};
			name = Debug;
		};
		C07B86EA17D5F67C00AB5740 /* Release */ = {
			isa = XCBuildConfiguration;
			buildSettings = {
				ALWAYS_SEARCH_USER_PATHS = NO;
				CLANG_CXX_LANGUAGE_STANDARD = "gnu++0x";
				CLANG_CXX_LIBRARY = "libc++";
				CLANG_ENABLE_OBJC_ARC = YES;
				CLANG_WARN_CONSTANT_CONVERSION = YES;
				CLANG_WARN_EMPTY_BODY = YES;
				CLANG_WARN_ENUM_CONVERSION = YES;
				CLANG_WARN_INT_CONVERSION = YES;
				CLANG_WARN__DUPLICATE_METHOD_MATCH = YES;
				"CODE_SIGN_IDENTITY[sdk=iphoneos*]" = "iPhone Developer";
				COPY_PHASE_STRIP = YES;
				GCC_C_LANGUAGE_STANDARD = gnu99;
				GCC_WARN_ABOUT_RETURN_TYPE = YES;
				GCC_WARN_UNINITIALIZED_AUTOS = YES;
				GCC_WARN_UNUSED_VARIABLE = YES;
				IPHONEOS_DEPLOYMENT_TARGET = 6.1;
				OTHER_CFLAGS = "-DNS_BLOCK_ASSERTIONS=1";
				SDKROOT = iphoneos;
				VALIDATE_PRODUCT = YES;
			};
			name = Release;
		};
		C07B86EC17D5F67C00AB5740 /* Debug */ = {
			isa = XCBuildConfiguration;
			buildSettings = {
				GCC_PRECOMPILE_PREFIX_HEADER = YES;
				GCC_PREFIX_HEADER = "DropDownCell/DropDownCell-Prefix.pch";
				INFOPLIST_FILE = "DropDownCell/DropDownCell-Info.plist";
				PRODUCT_NAME = "$(TARGET_NAME)";
				WRAPPER_EXTENSION = app;
			};
			name = Debug;
		};
		C07B86ED17D5F67C00AB5740 /* Release */ = {
			isa = XCBuildConfiguration;
			buildSettings = {
				GCC_PRECOMPILE_PREFIX_HEADER = YES;
				GCC_PREFIX_HEADER = "DropDownCell/DropDownCell-Prefix.pch";
				INFOPLIST_FILE = "DropDownCell/DropDownCell-Info.plist";
				PRODUCT_NAME = "$(TARGET_NAME)";
				WRAPPER_EXTENSION = app;
			};
			name = Release;
		};
/* End XCBuildConfiguration section */

/* Begin XCConfigurationList section */
		C07B86C317D5F67C00AB5740 /* Build configuration list for PBXProject "DropDownCell" */ = {
			isa = XCConfigurationList;
			buildConfigurations = (
				C07B86E917D5F67C00AB5740 /* Debug */,
				C07B86EA17D5F67C00AB5740 /* Release */,
			);
			defaultConfigurationIsVisible = 0;
			defaultConfigurationName = Release;
		};
		C07B86EB17D5F67C00AB5740 /* Build configuration list for PBXNativeTarget "DropDownCell" */ = {
			isa = XCConfigurationList;
			buildConfigurations = (
				C07B86EC17D5F67C00AB5740 /* Debug */,
				C07B86ED17D5F67C00AB5740 /* Release */,
			);
			defaultConfigurationIsVisible = 0;
		};
/* End XCConfigurationList section */
	};
	rootObject = C07B86C017D5F67C00AB5740 /* Project object */;
}
